github.com/RMS-SH/UtilitariosGoRMS v0.0.0-20250108102554-686210d85076 h1:lz+Po015Ck9188GPAQyUSxR1hbxjYdWsTpzkErGN8RI=
github.com/RMS-SH/UtilitariosGoRMS v0.0.0-20250108102554-686210d85076/go.mod h1:J3KGTLeozhdRB7AwiCvKxzTZGRL5Xq58j5q+8SzB0mo=
github.com/RMS-SH/UtilitariosGoRMS v0.0.0-20250108103304-54f8a008765c h1:UC/Ttibr0r2nej/OU/ZXuRRiphVKiqyTB5E+bpyBuWI=
github.com/RMS-SH/UtilitariosGoRMS v0.0.0-20250108103304-54f8a008765c/go.mod h1:J3KGTLeozhdRB7AwiCvKxzTZGRL5Xq58j5q+8SzB0mo=
github.com/RMS-SH/UtilitariosGoRMS v0.0.0-20250108104050-fa42d8aee424 h1:4RYiPpiHG+F5wmOxyRz2CaPpFDKownKIgRCNCVrwQr0=
github.com/RMS-SH/UtilitariosGoRMS v0.0.0-20250108104050-fa42d8aee424/go.mod h1:J3KGTLeozhdRB7AwiCvKxzTZGRL5Xq58j5q+8SzB0mo=
github.com/RMS-SH/UtilitariosGoRMS v0.0.0-20250108105851-a4be87e874e4 h1:OlpKCqQ0rbnSRRSVDM3PdnFma7fjHYQBVXA8UOWEZs8=
github.com/RMS-SH/UtilitariosGoRMS v0.0.0-20250108105851-a4be87e874e4/go.mod h1:J3KGTLeozhdRB7AwiCvKxzTZGRL5Xq58j5q+8SzB0mo=
